
Microsoft Visual Studio Solution File, Format Version 12.00
# Visual Studio 2013
VisualStudioVersion = 12.0.30501.0
MinimumVisualStudioVersion = 10.0.40219.1
Project("{FAE04EC0-301F-11D3-BF4B-00C04F79EFBC}") = "MerchantGuide", "MerchantGuide\MerchantGuide.csproj", "{817D0551-A6E0-434B-AAB2-99D240A6CA03}"
EndProject
Project("{FAE04EC0-301F-11D3-BF4B-00C04F79EFBC}") = "UnitTest", "UnitTest\UnitTest.csproj", "{E5B6E0AC-AE88-4A09-A4A4-8F7AD5F82C0D}"
EndProject
Global
	GlobalSection(SolutionConfigurationPlatforms) = preSolution
		Debug|Any CPU = Debug|Any CPU
		Release|Any CPU = Release|Any CPU
	EndGlobalSection
	GlobalSection(ProjectConfigurationPlatforms) = postSolution
		{817D0551-A6E0-434B-AAB2-99D240A6CA03}.Debug|Any CPU.ActiveCfg = Debug|Any CPU
		{817D0551-A6E0-434B-AAB2-99D240A6CA03}.Debug|Any CPU.Build.0 = Debug|Any CPU
		{817D0551-A6E0-434B-AAB2-99D240A6CA03}.Release|Any CPU.ActiveCfg = Release|Any CPU
		{817D0551-A6E0-434B-AAB2-99D240A6CA03}.Release|Any CPU.Build.0 = Release|Any CPU
		{E5B6E0AC-AE88-4A09-A4A4-8F7AD5F82C0D}.Debug|Any CPU.ActiveCfg = Debug|Any CPU
		{E5B6E0AC-AE88-4A09-A4A4-8F7AD5F82C0D}.Debug|Any CPU.Build.0 = Debug|Any CPU
		{E5B6E0AC-AE88-4A09-A4A4-8F7AD5F82C0D}.Release|Any CPU.ActiveCfg = Release|Any CPU
		{E5B6E0AC-AE88-4A09-A4A4-8F7AD5F82C0D}.Release|Any CPU.Build.0 = Release|Any CPU
	EndGlobalSection
	GlobalSection(SolutionProperties) = preSolution
		HideSolutionNode = FALSE
	EndGlobalSection
EndGlobal
